// !$*UTF8*$!
{
	archiveVersion = 1;
	classes = {
	};
	objectVersion = 46;
	objects = {

/* Begin PBXBuildFile section */
		4BC4DC4D1D9C2D410081FBFA /* main.m in Sources */ = {isa = PBXBuildFile; fileRef = 4BC4DC4C1D9C2D410081FBFA /* main.m */; };
		4BC4DC501D9C2D410081FBFA /* AppDelegate.m in Sources */ = {isa = PBXBuildFile; fileRef = 4BC4DC4F1D9C2D410081FBFA /* AppDelegate.m */; };
		4BC4DC531D9C2D410081FBFA /* ViewController.m in Sources */ = {isa = PBXBuildFile; fileRef = 4BC4DC521D9C2D410081FBFA /* ViewController.m */; };
		4BC4DC561D9C2D410081FBFA /* Main.storyboard in Resources */ = {isa = PBXBuildFile; fileRef = 4BC4DC541D9C2D410081FBFA /* Main.storyboard */; };
		4BC4DC581D9C2D410081FBFA /* Assets.xcassets in Resources */ = {isa = PBXBuildFile; fileRef = 4BC4DC571D9C2D410081FBFA /* Assets.xcassets */; };
		4BC4DC5B1D9C2D410081FBFA /* LaunchScreen.storyboard in Resources */ = {isa = PBXBuildFile; fileRef = 4BC4DC591D9C2D410081FBFA /* LaunchScreen.storyboard */; };
/* End PBXBuildFile section */

/* Begin PBXFileReference section */
		4BC4DC481D9C2D410081FBFA /* apeng123.app */ = {isa = PBXFileReference; explicitFileType = wrapper.application; includeInIndex = 0; path = apeng123.app; sourceTree = BUILT_PRODUCTS_DIR; };
		4BC4DC4C1D9C2D410081FBFA /* main.m */ = {isa = PBXFileReference; lastKnownFileType = sourcecode.c.objc; path = main.m; sourceTree = "<group>"; };
		4BC4DC4E1D9C2D410081FBFA /* AppDelegate.h */ = {isa = PBXFileReference; lastKnownFileType = sourcecode.c.h; path = AppDelegate.h; sourceTree = "<group>"; };
		4BC4DC4F1D9C2D410081FBFA /* AppDelegate.m */ = {isa = PBXFileReference; lastKnownFileType = sourcecode.c.objc; path = AppDelegate.m; sourceTree = "<group>"; };
		4BC4DC511D9C2D410081FBFA /* ViewController.h */ = {isa = PBXFileReference; lastKnownFileType = sourcecode.c.h; path = ViewController.h; sourceTree = "<group>"; };
		4BC4DC521D9C2D410081FBFA /* ViewController.m */ = {isa = PBXFileReference; lastKnownFileType = sourcecode.c.objc; path = ViewController.m; sourceTree = "<group>"; };
		4BC4DC551D9C2D410081FBFA /* Base */ = {isa = PBXFileReference; lastKnownFileType = file.storyboard; name = Base; path = Base.lproj/Main.storyboard; sourceTree = "<group>"; };
		4BC4DC571D9C2D410081FBFA /* Assets.xcassets */ = {isa = PBXFileReference; lastKnownFileType = folder.assetcatalog; path = Assets.xcassets; sourceTree = "<group>"; };
		4BC4DC5A1D9C2D410081FBFA /* Base */ = {isa = PBXFileReference; lastKnownFileType = file.storyboard; name = Base; path = Base.lproj/LaunchScreen.storyboard; sourceTree = "<group>"; };
		4BC4DC5C1D9C2D410081FBFA /* Info.plist */ = {isa = PBXFileReference; lastKnownFileType = text.plist.xml; path = Info.plist; sourceTree = "<group>"; };
/* End PBXFileReference section */

/* Begin PBXFrameworksBuildPhase section */
		4BC4DC451D9C2D410081FBFA /* Frameworks */ = {
			isa = PBXFrameworksBuildPhase;
			buildActionMask = 2147483647;
			files = (
			);
			runOnlyForDeploymentPostprocessing = 0;
		};
/* End PBXFrameworksBuildPhase section */

/* Begin PBXGroup section */
		4BC4DC3F1D9C2D410081FBFA = {
			isa = PBXGroup;
			children = (
				4BC4DC4A1D9C2D410081FBFA /* apeng123 */,
				4BC4DC491D9C2D410081FBFA /* Products */,
			);
			sourceTree = "<group>";
		};
		4BC4DC491D9C2D410081FBFA /* Products */ = {
			isa = PBXGroup;
			children = (
				4BC4DC481D9C2D410081FBFA /* apeng123.app */,
			);
			name = Products;
			sourceTree = "<group>";
		};
		4BC4DC4A1D9C2D410081FBFA /* apeng123 */ = {
			isa = PBXGroup;
			children = (
				4BC4DC4E1D9C2D410081FBFA /* AppDelegate.h */,
				4BC4DC4F1D9C2D410081FBFA /* AppDelegate.m */,
				4BC4DC511D9C2D410081FBFA /* ViewController.h */,
				4BC4DC521D9C2D410081FBFA /* ViewController.m */,
				4BC4DC541D9C2D410081FBFA /* Main.storyboard */,
				4BC4DC571D9C2D410081FBFA /* Assets.xcassets */,
				4BC4DC591D9C2D410081FBFA /* LaunchScreen.storyboard */,
				4BC4DC5C1D9C2D410081FBFA /* Info.plist */,
				4BC4DC4B1D9C2D410081FBFA /* Supporting Files */,
			);
			path = apeng123;
			sourceTree = "<group>";
		};
		4BC4DC4B1D9C2D410081FBFA /* Supporting Files */ = {
			isa = PBXGroup;
			children = (
				4BC4DC4C1D9C2D410081FBFA /* main.m */,
			);
			name = "Supporting Files";
			sourceTree = "<group>";
		};
/* End PBXGroup section */

/* Begin PBXNativeTarget section */
		4BC4DC471D9C2D410081FBFA /* apeng123 */ = {
			isa = PBXNativeTarget;
			buildConfigurationList = 4BC4DC5F1D9C2D410081FBFA /* Build configuration list for PBXNativeTarget "apeng123" */;
			buildPhases = (
				4BC4DC441D9C2D410081FBFA /* Sources */,
				4BC4DC451D9C2D410081FBFA /* Frameworks */,
				4BC4DC461D9C2D410081FBFA /* Resources */,
			);
			buildRules = (
			);
			dependencies = (
			);
			name = apeng123;
			productName = apeng123;
			productReference = 4BC4DC481D9C2D410081FBFA /* apeng123.app */;
			productType = "com.apple.product-type.application";
		};
/* End PBXNativeTarget section */

/* Begin PBXProject section */
		4BC4DC401D9C2D410081FBFA /* Project object */ = {
			isa = PBXProject;
			attributes = {
				LastUpgradeCheck = 0720;
				ORGANIZATIONNAME = apeng;
				TargetAttributes = {
					4BC4DC471D9C2D410081FBFA = {
						CreatedOnToolsVersion = 7.2;
						DevelopmentTeam = N5J6WL2282;
					};
				};
			};
			buildConfigurationList = 4BC4DC431D9C2D410081FBFA /* Build configuration list for PBXProject "apeng123" */;
			compatibilityVersion = "Xcode 3.2";
			developmentRegion = English;
			hasScannedForEncodings = 0;
			knownRegions = (
				en,
				Base,
			);
			mainGroup = 4BC4DC3F1D9C2D410081FBFA;
			productRefGroup = 4BC4DC491D9C2D410081FBFA /* Products */;
			projectDirPath = "";
			projectRoot = "";
			targets = (
				4BC4DC471D9C2D410081FBFA /* apeng123 */,
			);
		};
/* End PBXProject section */

/* Begin PBXResourcesBuildPhase section */
		4BC4DC461D9C2D410081FBFA /* Resources */ = {
			isa = PBXResourcesBuildPhase;
			buildActionMask = 2147483647;
			files = (
				4BC4DC5B1D9C2D410081FBFA /* LaunchScreen.storyboard in Resources */,
				4BC4DC581D9C2D410081FBFA /* Assets.xcassets in Resources */,
				4BC4DC561D9C2D410081FBFA /* Main.storyboard in Resources */,
			);
			runOnlyForDeploymentPostprocessing = 0;
		};
/* End PBXResourcesBuildPhase section */

/* Begin PBXSourcesBuildPhase section */
		4BC4DC441D9C2D410081FBFA /* Sources */ = {
			isa = PBXSourcesBuildPhase;
			buildActionMask = 2147483647;
			files = (
				4BC4DC531D9C2D410081FBFA /* ViewController.m in Sources */,
				4BC4DC501D9C2D410081FBFA /* AppDelegate.m in Sources */,
				4BC4DC4D1D9C2D410081FBFA /* main.m in Sources */,
			);
			runOnlyForDeploymentPostprocessing = 0;
		};
/* End PBXSourcesBuildPhase section */

/* Begin PBXVariantGroup section */
		4BC4DC541D9C2D410081FBFA /* Main.storyboard */ = {
			isa = PBXVariantGroup;
			children = (
				4BC4DC551D9C2D410081FBFA /* Base */,
			);
			name = Main.storyboard;
			sourceTree = "<group>";
		};
		4BC4DC591D9C2D410081FBFA /* LaunchScreen.storyboard */ = {
			isa = PBXVariantGroup;
			children = (
				4BC4DC5A1D9C2D410081FBFA /* Base */,
			);
			name = LaunchScreen.storyboard;
			sourceTree = "<group>";
		};
/* End PBXVariantGroup section */

/* Begin XCBuildConfiguration section */
		4BC4DC5D1D9C2D410081FBFA /* Debug */ = {
			isa = XCBuildConfiguration;
			buildSettings = {
				ALWAYS_SEARCH_USER_PATHS = NO;
				CLANG_CXX_LANGUAGE_STANDARD = "gnu++0x";
				CLANG_CXX_LIBRARY = "libc++";
				CLANG_ENABLE_MODULES = YES;
				CLANG_ENABLE_OBJC_ARC = YES;
				CLANG_WARN_BOOL_CONVERSION = YES;
				CLANG_WARN_CONSTANT_CONVERSION = YES;
				CLANG_WARN_DIRECT_OBJC_ISA_USAGE = YES_ERROR;
				CLANG_WARN_EMPTY_BODY = YES;
				CLANG_WARN_ENUM_CONVERSION = YES;
				CLANG_WARN_INT_CONVERSION = YES;
				CLANG_WARN_OBJC_ROOT_CLASS = YES_ERROR;
				CLANG_WARN_UNREACHABLE_CODE = YES;
				CLANG_WARN__DUPLICATE_METHOD_MATCH = YES;
				"CODE_SIGN_IDENTITY[sdk=iphoneos*]" = "iPhone Developer";
				COPY_PHASE_STRIP = NO;
				DEBUG_INFORMATION_FORMAT = dwarf;
				ENABLE_STRICT_OBJC_MSGSEND = YES;
				ENABLE_TESTABILITY = YES;
				GCC_C_LANGUAGE_STANDARD = gnu99;
				GCC_DYNAMIC_NO_PIC = NO;
				GCC_NO_COMMON_BLOCKS = YES;
				GCC_OPTIMIZATION_LEVEL = 0;
				GCC_PREPROCESSOR_DEFINITIONS = (
					"DEBUG=1",
					"$(inherited)",
				);
				GCC_WARN_64_TO_32_BIT_CONVERSION = YES;
				GCC_WARN_ABOUT_RETURN_TYPE = YES_ERROR;
				GCC_WARN_UNDECLARED_SELECTOR = YES;
				GCC_WARN_UNINITIALIZED_AUTOS = YES_AGGRESSIVE;
				GCC_WARN_UNUSED_FUNCTION = YES;
				GCC_WARN_UNUSED_VARIABLE = YES;
				IPHONEOS_DEPLOYMENT_TARGET = 9.2;
				MTL_ENABLE_DEBUG_INFO = YES;
				ONLY_ACTIVE_ARCH = YES;
				SDKROOT = iphoneos;
				TARGETED_DEVICE_FAMILY = "1,2";
			};
			name = Debug;
		};
		4BC4DC5E1D9C2D410081FBFA /* Release */ = {
			isa = XCBuildConfiguration;
			buildSettings = {
				ALWAYS_SEARCH_USER_PATHS = NO;
				CLANG_CXX_LANGUAGE_STANDARD = "gnu++0x";
				CLANG_CXX_LIBRARY = "libc++";
				CLANG_ENABLE_MODULES = YES;
				CLANG_ENABLE_OBJC_ARC = YES;
				CLANG_WARN_BOOL_CONVERSION = YES;
				CLANG_WARN_CONSTANT_CONVERSION = YES;
				CLANG_WARN_DIRECT_OBJC_ISA_USAGE = YES_ERROR;
				CLANG_WARN_EMPTY_BODY = YES;
				CLANG_WARN_ENUM_CONVERSION = YES;
				CLANG_WARN_INT_CONVERSION = YES;
				CLANG_WARN_OBJC_ROOT_CLASS = YES_ERROR;
				CLANG_WARN_UNREACHABLE_CODE = YES;
				CLANG_WARN__DUPLICATE_METHOD_MATCH = YES;
				"CODE_SIGN_IDENTITY[sdk=iphoneos*]" = "iPhone Developer";
				COPY_PHASE_STRIP = NO;
				DEBUG_INFORMATION_FORMAT = "dwarf-with-dsym";
				ENABLE_NS_ASSERTIONS = NO;
				ENABLE_STRICT_OBJC_MSGSEND = YES;
				GCC_C_LANGUAGE_STANDARD = gnu99;
				GCC_NO_COMMON_BLOCKS = YES;
				GCC_WARN_64_TO_32_BIT_CONVERSION = YES;
				GCC_WARN_ABOUT_RETURN_TYPE = YES_ERROR;
				GCC_WARN_UNDECLARED_SELECTOR = YES;
				GCC_WARN_UNINITIALIZED_AUTOS = YES_AGGRESSIVE;
				GCC_WARN_UNUSED_FUNCTION = YES;
				GCC_WARN_UNUSED_VARIABLE = YES;
				IPHONEOS_DEPLOYMENT_TARGET = 9.2;
				MTL_ENABLE_DEBUG_INFO = NO;
				SDKROOT = iphoneos;
				TARGETED_DEVICE_FAMILY = "1,2";
				VALIDATE_PRODUCT = YES;
			};
			name = Release;
		};
		4BC4DC601D9C2D410081FBFA /* Debug */ = {
			isa = XCBuildConfiguration;
			buildSettings = {
				ASSETCATALOG_COMPILER_APPICON_NAME = AppIcon;
				INFOPLIST_FILE = apeng123/Info.plist;
				LD_RUNPATH_SEARCH_PATHS = "$(inherited) @executable_path/Frameworks";
				PRODUCT_BUNDLE_IDENTIFIER = apeng.apeng123;
				PRODUCT_NAME = "$(TARGET_NAME)";
			};
			name = Debug;
		};
		4BC4DC611D9C2D410081FBFA /* Release */ = {
			isa = XCBuildConfiguration;
			buildSettings = {
				ASSETCATALOG_COMPILER_APPICON_NAME = AppIcon;
				INFOPLIST_FILE = apeng123/Info.plist;
				LD_RUNPATH_SEARCH_PATHS = "$(inherited) @executable_path/Frameworks";
				PRODUCT_BUNDLE_IDENTIFIER = apeng.apeng123;
				PRODUCT_NAME = "$(TARGET_NAME)";
			};
			name = Release;
		};
/* End XCBuildConfiguration section */

/* Begin XCConfigurationList section */
		4BC4DC431D9C2D410081FBFA /* Build configuration list for PBXProject "apeng123" */ = {
			isa = XCConfigurationList;
			buildConfigurations = (
				4BC4DC5D1D9C2D410081FBFA /* Debug */,
				4BC4DC5E1D9C2D410081FBFA /* Release */,
			);
			defaultConfigurationIsVisible = 0;
			defaultConfigurationName = Release;
		};
		4BC4DC5F1D9C2D410081FBFA /* Build configuration list for PBXNativeTarget "apeng123" */ = {
			isa = XCConfigurationList;
			buildConfigurations = (
				4BC4DC601D9C2D410081FBFA /* Debug */,
				4BC4DC611D9C2D410081FBFA /* Release */,
			);
			defaultConfigurationIsVisible = 0;
		};
/* End XCConfigurationList section */
	};
	rootObject = 4BC4DC401D9C2D410081FBFA /* Project object */;
}
